// !$*UTF8*$!
{
	archiveVersion = 1;
	classes = {
	};
	objectVersion = 56;
	objects = {

/* Begin PBXBuildFile section */
		1805D02E2C6CF8E200333A88 /* Local_Response_MapperApp.swift in Sources */ = {isa = PBXBuildFile; fileRef = 1805D02D2C6CF8E200333A88 /* Local_Response_MapperApp.swift */; };
		1805D0302C6CF8E200333A88 /* ContentView.swift in Sources */ = {isa = PBXBuildFile; fileRef = 1805D02F2C6CF8E200333A88 /* ContentView.swift */; };
		1805D0322C6CF8E300333A88 /* Assets.xcassets in Resources */ = {isa = PBXBuildFile; fileRef = 1805D0312C6CF8E300333A88 /* Assets.xcassets */; };
		1805D0352C6CF8E300333A88 /* Preview Assets.xcassets in Resources */ = {isa = PBXBuildFile; fileRef = 1805D0342C6CF8E300333A88 /* Preview Assets.xcassets */; };
		1805D03D2C6CF9CE00333A88 /* ContentViewModel.swift in Sources */ = {isa = PBXBuildFile; fileRef = 1805D03C2C6CF9CE00333A88 /* ContentViewModel.swift */; };
		1820A13A2C6F24BB0016934A /* RealmSwift in Embed Frameworks */ = {isa = PBXBuildFile; productRef = 18C48ABF2C6E5F4900A005EF /* RealmSwift */; settings = {ATTRIBUTES = (CodeSignOnCopy, ); }; };
		1820A13E2C6F2E940016934A /* Factory in Frameworks */ = {isa = PBXBuildFile; productRef = 1820A13D2C6F2E940016934A /* Factory */; };
		1848CC212C77D48F00FEA95A /* ErrorsView.swift in Sources */ = {isa = PBXBuildFile; fileRef = 1848CC202C77D48F00FEA95A /* ErrorsView.swift */; };
		1848CC252C77D88F00FEA95A /* Color-ext.swift in Sources */ = {isa = PBXBuildFile; fileRef = 1848CC242C77D88F00FEA95A /* Color-ext.swift */; };
		184B53402D815D4800D6EA3A /* MyTextEditor.swift in Sources */ = {isa = PBXBuildFile; fileRef = 184B533F2D815D4800D6EA3A /* MyTextEditor.swift */; };
		185879D12CC140D10042449B /* tomorrow-night-bright.min.css in Resources */ = {isa = PBXBuildFile; fileRef = 185879D02CC140D10042449B /* tomorrow-night-bright.min.css */; };
		185879D52CC140E20042449B /* xcode.min.css in Resources */ = {isa = PBXBuildFile; fileRef = 185879D42CC140E20042449B /* xcode.min.css */; };
		185879D72CC151600042449B /* MyColorScheme.swift in Sources */ = {isa = PBXBuildFile; fileRef = 185879D62CC151580042449B /* MyColorScheme.swift */; };
		188A7D892C7313A300B09A7F /* LocalMapViewModel.swift in Sources */ = {isa = PBXBuildFile; fileRef = 188A7D882C7313A300B09A7F /* LocalMapViewModel.swift */; };
		188AFF462C8090EC00E8342B /* CodeEditor in Frameworks */ = {isa = PBXBuildFile; productRef = 188AFF452C8090EC00E8342B /* CodeEditor */; };
		18BA66E72C7080C2005D86E7 /* LocalMapView.swift in Sources */ = {isa = PBXBuildFile; fileRef = 18BA66E62C7080C2005D86E7 /* LocalMapView.swift */; };
		18C48AC02C6E5F4900A005EF /* RealmSwift in Frameworks */ = {isa = PBXBuildFile; productRef = 18C48ABF2C6E5F4900A005EF /* RealmSwift */; };
		18C48AC22C6E611A00A005EF /* DB.swift in Sources */ = {isa = PBXBuildFile; fileRef = 18C48AC12C6E611A00A005EF /* DB.swift */; };
		18CB6DA22C6E51770074B8E0 /* AppDelegate.swift in Sources */ = {isa = PBXBuildFile; fileRef = 18CB6DA12C6E51770074B8E0 /* AppDelegate.swift */; };
		18CB6DA42C6E52E80074B8E0 /* LocalServer.swift in Sources */ = {isa = PBXBuildFile; fileRef = 18CB6DA32C6E52E80074B8E0 /* LocalServer.swift */; };
		18CB6DAA2C6E58130074B8E0 /* FlyingFox in Frameworks */ = {isa = PBXBuildFile; productRef = 18CB6DA92C6E58130074B8E0 /* FlyingFox */; };
		18CB6DAC2C6E58130074B8E0 /* FlyingSocks in Frameworks */ = {isa = PBXBuildFile; productRef = 18CB6DAB2C6E58130074B8E0 /* FlyingSocks */; };
		18D50D392C7093DE004B0D44 /* Utils.swift in Sources */ = {isa = PBXBuildFile; fileRef = 18D50D382C7093DE004B0D44 /* Utils.swift */; };
		18E5A1A92C6FB4710045C3C8 /* URLTaskObject.swift in Sources */ = {isa = PBXBuildFile; fileRef = 18E5A1A82C6FB4710045C3C8 /* URLTaskObject.swift */; };
		18E5A1AB2C6FB48B0045C3C8 /* MapLocalObject.swift in Sources */ = {isa = PBXBuildFile; fileRef = 18E5A1AA2C6FB48B0045C3C8 /* MapLocalObject.swift */; };
		18F8558F2CBEB88B001CCD17 /* Constants.swift in Sources */ = {isa = PBXBuildFile; fileRef = 18F8558B2CBEB88A001CCD17 /* Constants.swift */; };
		18F855902CBEB88B001CCD17 /* Models.swift in Sources */ = {isa = PBXBuildFile; fileRef = 18F8558D2CBEB88A001CCD17 /* Models.swift */; };
		18F855912CBEB88B001CCD17 /* Logger.swift in Sources */ = {isa = PBXBuildFile; fileRef = 18F8558C2CBEB88A001CCD17 /* Logger.swift */; };
		8D15559D2E2FA79B00C50B67 /* ResponseView.swift in Sources */ = {isa = PBXBuildFile; fileRef = 8D15559C2E2FA79B00C50B67 /* ResponseView.swift */; };
		8D1555A02E2FAA1400C50B67 /* ContentType.swift in Sources */ = {isa = PBXBuildFile; fileRef = 8D15559F2E2FAA1300C50B67 /* ContentType.swift */; };
		8D64EBA72E5F288C0077DA50 /* IPFinder.swift in Sources */ = {isa = PBXBuildFile; fileRef = 8D64EBA62E5F288C0077DA50 /* IPFinder.swift */; };
		8D93C90B2E2FC91C00C1437A /* FittingImageView.swift in Sources */ = {isa = PBXBuildFile; fileRef = 8D93C90A2E2FC91B00C1437A /* FittingImageView.swift */; };
/* End PBXBuildFile section */

/* Begin PBXCopyFilesBuildPhase section */
		1820A13B2C6F24BB0016934A /* Embed Frameworks */ = {
			isa = PBXCopyFilesBuildPhase;
			buildActionMask = 2147483647;
			dstPath = "";
			dstSubfolderSpec = 10;
			files = (
				1820A13A2C6F24BB0016934A /* RealmSwift in Embed Frameworks */,
			);
			name = "Embed Frameworks";
			runOnlyForDeploymentPostprocessing = 0;
		};
/* End PBXCopyFilesBuildPhase section */

/* Begin PBXFileReference section */
		1805D02A2C6CF8E200333A88 /* Local Response Mapper.app */ = {isa = PBXFileReference; explicitFileType = wrapper.application; includeInIndex = 0; path = "Local Response Mapper.app"; sourceTree = BUILT_PRODUCTS_DIR; };
		1805D02D2C6CF8E200333A88 /* Local_Response_MapperApp.swift */ = {isa = PBXFileReference; lastKnownFileType = sourcecode.swift; path = Local_Response_MapperApp.swift; sourceTree = "<group>"; };
		1805D02F2C6CF8E200333A88 /* ContentView.swift */ = {isa = PBXFileReference; lastKnownFileType = sourcecode.swift; path = ContentView.swift; sourceTree = "<group>"; };
		1805D0312C6CF8E300333A88 /* Assets.xcassets */ = {isa = PBXFileReference; lastKnownFileType = folder.assetcatalog; path = Assets.xcassets; sourceTree = "<group>"; };
		1805D0342C6CF8E300333A88 /* Preview Assets.xcassets */ = {isa = PBXFileReference; lastKnownFileType = folder.assetcatalog; path = "Preview Assets.xcassets"; sourceTree = "<group>"; };
		1805D0362C6CF8E300333A88 /* Local_Response_Mapper.entitlements */ = {isa = PBXFileReference; lastKnownFileType = text.plist.entitlements; path = Local_Response_Mapper.entitlements; sourceTree = "<group>"; };
		1805D03C2C6CF9CE00333A88 /* ContentViewModel.swift */ = {isa = PBXFileReference; lastKnownFileType = sourcecode.swift; path = ContentViewModel.swift; sourceTree = "<group>"; };
		1815D2112C7739C000908A34 /* README.MD */ = {isa = PBXFileReference; lastKnownFileType = net.daringfireball.markdown; name = README.MD; path = ../README.MD; sourceTree = "<group>"; };
		1848CC202C77D48F00FEA95A /* ErrorsView.swift */ = {isa = PBXFileReference; lastKnownFileType = sourcecode.swift; path = ErrorsView.swift; sourceTree = "<group>"; };
		1848CC242C77D88F00FEA95A /* Color-ext.swift */ = {isa = PBXFileReference; lastKnownFileType = sourcecode.swift; path = "Color-ext.swift"; sourceTree = "<group>"; };
		184B533F2D815D4800D6EA3A /* MyTextEditor.swift */ = {isa = PBXFileReference; lastKnownFileType = sourcecode.swift; path = MyTextEditor.swift; sourceTree = "<group>"; };
		185879D02CC140D10042449B /* tomorrow-night-bright.min.css */ = {isa = PBXFileReference; lastKnownFileType = text.css; path = "tomorrow-night-bright.min.css"; sourceTree = "<group>"; };
		185879D42CC140E20042449B /* xcode.min.css */ = {isa = PBXFileReference; lastKnownFileType = text.css; path = xcode.min.css; sourceTree = "<group>"; };
		185879D62CC151580042449B /* MyColorScheme.swift */ = {isa = PBXFileReference; lastKnownFileType = sourcecode.swift; path = MyColorScheme.swift; sourceTree = "<group>"; };
		188A7D882C7313A300B09A7F /* LocalMapViewModel.swift */ = {isa = PBXFileReference; lastKnownFileType = sourcecode.swift; path = LocalMapViewModel.swift; sourceTree = "<group>"; };
		18BA66E62C7080C2005D86E7 /* LocalMapView.swift */ = {isa = PBXFileReference; lastKnownFileType = sourcecode.swift; path = LocalMapView.swift; sourceTree = "<group>"; };
		18C48AC12C6E611A00A005EF /* DB.swift */ = {isa = PBXFileReference; lastKnownFileType = sourcecode.swift; path = DB.swift; sourceTree = "<group>"; };
		18CB6DA12C6E51770074B8E0 /* AppDelegate.swift */ = {isa = PBXFileReference; fileEncoding = 4; lastKnownFileType = sourcecode.swift; path = AppDelegate.swift; sourceTree = "<group>"; };
		18CB6DA32C6E52E80074B8E0 /* LocalServer.swift */ = {isa = PBXFileReference; lastKnownFileType = sourcecode.swift; path = LocalServer.swift; sourceTree = "<group>"; };
		18D50D382C7093DE004B0D44 /* Utils.swift */ = {isa = PBXFileReference; lastKnownFileType = sourcecode.swift; path = Utils.swift; sourceTree = "<group>"; };
		18E5A1A82C6FB4710045C3C8 /* URLTaskObject.swift */ = {isa = PBXFileReference; lastKnownFileType = sourcecode.swift; path = URLTaskObject.swift; sourceTree = "<group>"; };
		18E5A1AA2C6FB48B0045C3C8 /* MapLocalObject.swift */ = {isa = PBXFileReference; lastKnownFileType = sourcecode.swift; path = MapLocalObject.swift; sourceTree = "<group>"; };
		18F8558B2CBEB88A001CCD17 /* Constants.swift */ = {isa = PBXFileReference; lastKnownFileType = sourcecode.swift; path = Constants.swift; sourceTree = "<group>"; };
		18F8558C2CBEB88A001CCD17 /* Logger.swift */ = {isa = PBXFileReference; lastKnownFileType = sourcecode.swift; path = Logger.swift; sourceTree = "<group>"; };
		18F8558D2CBEB88A001CCD17 /* Models.swift */ = {isa = PBXFileReference; lastKnownFileType = sourcecode.swift; path = Models.swift; sourceTree = "<group>"; };
		8D15559C2E2FA79B00C50B67 /* ResponseView.swift */ = {isa = PBXFileReference; lastKnownFileType = sourcecode.swift; path = ResponseView.swift; sourceTree = "<group>"; };
		8D15559F2E2FAA1300C50B67 /* ContentType.swift */ = {isa = PBXFileReference; lastKnownFileType = sourcecode.swift; path = ContentType.swift; sourceTree = "<group>"; };
		8D64EBA62E5F288C0077DA50 /* IPFinder.swift */ = {isa = PBXFileReference; lastKnownFileType = sourcecode.swift; path = IPFinder.swift; sourceTree = "<group>"; };
		8D93C90A2E2FC91B00C1437A /* FittingImageView.swift */ = {isa = PBXFileReference; lastKnownFileType = sourcecode.swift; path = FittingImageView.swift; sourceTree = "<group>"; };
/* End PBXFileReference section */

/* Begin PBXFrameworksBuildPhase section */
		1805D0272C6CF8E200333A88 /* Frameworks */ = {
			isa = PBXFrameworksBuildPhase;
			buildActionMask = 2147483647;
			files = (
				18C48AC02C6E5F4900A005EF /* RealmSwift in Frameworks */,
				18CB6DAA2C6E58130074B8E0 /* FlyingFox in Frameworks */,
				18CB6DAC2C6E58130074B8E0 /* FlyingSocks in Frameworks */,
				1820A13E2C6F2E940016934A /* Factory in Frameworks */,
				188AFF462C8090EC00E8342B /* CodeEditor in Frameworks */,
			);
			runOnlyForDeploymentPostprocessing = 0;
		};
/* End PBXFrameworksBuildPhase section */

/* Begin PBXGroup section */
		1805D0212C6CF8E200333A88 = {
			isa = PBXGroup;
			children = (
				1815D2112C7739C000908A34 /* README.MD */,
				1805D02C2C6CF8E200333A88 /* Local Response Mapper */,
				1805D02B2C6CF8E200333A88 /* Products */,
			);
			sourceTree = "<group>";
		};
		1805D02B2C6CF8E200333A88 /* Products */ = {
			isa = PBXGroup;
			children = (
				1805D02A2C6CF8E200333A88 /* Local Response Mapper.app */,
			);
			name = Products;
			sourceTree = "<group>";
		};
		1805D02C2C6CF8E200333A88 /* Local Response Mapper */ = {
			isa = PBXGroup;
			children = (
				8D15559E2E2FAA0F00C50B67 /* Models */,
				1805D02D2C6CF8E200333A88 /* Local_Response_MapperApp.swift */,
				18CB6DA12C6E51770074B8E0 /* AppDelegate.swift */,
				18F8558E2CBEB88A001CCD17 /* shared */,
				18757FF22C70819100044627 /* supporting */,
				18757FF12C70817000044627 /* db */,
				18BA66E82C7080CA005D86E7 /* views */,
			);
			path = "Local Response Mapper";
			sourceTree = "<group>";
		};
		1805D0332C6CF8E300333A88 /* Preview Content */ = {
			isa = PBXGroup;
			children = (
				1805D0342C6CF8E300333A88 /* Preview Assets.xcassets */,
			);
			path = "Preview Content";
			sourceTree = "<group>";
		};
		18757FF12C70817000044627 /* db */ = {
			isa = PBXGroup;
			children = (
				18C48AC12C6E611A00A005EF /* DB.swift */,
				18E5A1A82C6FB4710045C3C8 /* URLTaskObject.swift */,
				18E5A1AA2C6FB48B0045C3C8 /* MapLocalObject.swift */,
				18D50D382C7093DE004B0D44 /* Utils.swift */,
			);
			path = db;
			sourceTree = "<group>";
		};
		18757FF22C70819100044627 /* supporting */ = {
			isa = PBXGroup;
			children = (
				185879D42CC140E20042449B /* xcode.min.css */,
				185879D02CC140D10042449B /* tomorrow-night-bright.min.css */,
				1805D0312C6CF8E300333A88 /* Assets.xcassets */,
				1805D0362C6CF8E300333A88 /* Local_Response_Mapper.entitlements */,
				1805D0332C6CF8E300333A88 /* Preview Content */,
			);
			path = supporting;
			sourceTree = "<group>";
		};
		188A7D8A2C73142100B09A7F /* ContentView */ = {
			isa = PBXGroup;
			children = (
				1805D02F2C6CF8E200333A88 /* ContentView.swift */,
				1805D03C2C6CF9CE00333A88 /* ContentViewModel.swift */,
				18CB6DA32C6E52E80074B8E0 /* LocalServer.swift */,
				8D15559C2E2FA79B00C50B67 /* ResponseView.swift */,
			);
			path = ContentView;
			sourceTree = "<group>";
		};
		188A7D8B2C73142B00B09A7F /* LocalMapView */ = {
			isa = PBXGroup;
			children = (
				18BA66E62C7080C2005D86E7 /* LocalMapView.swift */,
				188A7D882C7313A300B09A7F /* LocalMapViewModel.swift */,
			);
			path = LocalMapView;
			sourceTree = "<group>";
		};
		18BA66E82C7080CA005D86E7 /* views */ = {
			isa = PBXGroup;
			children = (
				8D93C90A2E2FC91B00C1437A /* FittingImageView.swift */,
				185879D62CC151580042449B /* MyColorScheme.swift */,
				188A7D8B2C73142B00B09A7F /* LocalMapView */,
				188A7D8A2C73142100B09A7F /* ContentView */,
				1848CC202C77D48F00FEA95A /* ErrorsView.swift */,
				1848CC242C77D88F00FEA95A /* Color-ext.swift */,
				184B533F2D815D4800D6EA3A /* MyTextEditor.swift */,
			);
			path = views;
			sourceTree = "<group>";
		};
		18F8558E2CBEB88A001CCD17 /* shared */ = {
			isa = PBXGroup;
			children = (
				18F8558B2CBEB88A001CCD17 /* Constants.swift */,
				18F8558C2CBEB88A001CCD17 /* Logger.swift */,
				18F8558D2CBEB88A001CCD17 /* Models.swift */,
				8D64EBA62E5F288C0077DA50 /* IPFinder.swift */,
			);
			name = shared;
			path = ../Sources/LocalResponse/shared;
			sourceTree = SOURCE_ROOT;
		};
		8D15559E2E2FAA0F00C50B67 /* Models */ = {
			isa = PBXGroup;
			children = (
				8D15559F2E2FAA1300C50B67 /* ContentType.swift */,
			);
			path = Models;
			sourceTree = "<group>";
		};
/* End PBXGroup section */

/* Begin PBXNativeTarget section */
		1805D0292C6CF8E200333A88 /* Local Response Mapper */ = {
			isa = PBXNativeTarget;
			buildConfigurationList = 1805D0392C6CF8E300333A88 /* Build configuration list for PBXNativeTarget "Local Response Mapper" */;
			buildPhases = (
				1805D0262C6CF8E200333A88 /* Sources */,
				1805D0272C6CF8E200333A88 /* Frameworks */,
				1805D0282C6CF8E200333A88 /* Resources */,
				1820A13B2C6F24BB0016934A /* Embed Frameworks */,
			);
			buildRules = (
			);
			dependencies = (
			);
			name = "Local Response Mapper";
			packageProductDependencies = (
				18CB6DA92C6E58130074B8E0 /* FlyingFox */,
				18CB6DAB2C6E58130074B8E0 /* FlyingSocks */,
				18C48ABF2C6E5F4900A005EF /* RealmSwift */,
				1820A13D2C6F2E940016934A /* Factory */,
				188AFF452C8090EC00E8342B /* CodeEditor */,
			);
			productName = "Local Response Mapper";
			productReference = 1805D02A2C6CF8E200333A88 /* Local Response Mapper.app */;
			productType = "com.apple.product-type.application";
		};
/* End PBXNativeTarget section */

/* Begin PBXProject section */
		1805D0222C6CF8E200333A88 /* Project object */ = {
			isa = PBXProject;
			attributes = {
				BuildIndependentTargetsInParallel = 1;
				LastSwiftUpdateCheck = 1540;
				LastUpgradeCheck = 1540;
				TargetAttributes = {
					1805D0292C6CF8E200333A88 = {
						CreatedOnToolsVersion = 15.4;
					};
				};
			};
			buildConfigurationList = 1805D0252C6CF8E200333A88 /* Build configuration list for PBXProject "Local Response Mapper" */;
			compatibilityVersion = "Xcode 14.0";
			developmentRegion = en;
			hasScannedForEncodings = 0;
			knownRegions = (
				en,
				Base,
			);
			mainGroup = 1805D0212C6CF8E200333A88;
			packageReferences = (
				18CB6DA82C6E58130074B8E0 /* XCRemoteSwiftPackageReference "FlyingFox" */,
				18C48ABC2C6E5F4900A005EF /* XCRemoteSwiftPackageReference "realm-swift" */,
				1820A13C2C6F2E940016934A /* XCRemoteSwiftPackageReference "Factory" */,
				188AFF442C8090EC00E8342B /* XCRemoteSwiftPackageReference "CodeEditor" */,
			);
			productRefGroup = 1805D02B2C6CF8E200333A88 /* Products */;
			projectDirPath = "";
			projectRoot = "";
			targets = (
				1805D0292C6CF8E200333A88 /* Local Response Mapper */,
			);
		};
/* End PBXProject section */

/* Begin PBXResourcesBuildPhase section */
		1805D0282C6CF8E200333A88 /* Resources */ = {
			isa = PBXResourcesBuildPhase;
			buildActionMask = 2147483647;
			files = (
				1805D0352C6CF8E300333A88 /* Preview Assets.xcassets in Resources */,
				185879D52CC140E20042449B /* xcode.min.css in Resources */,
				185879D12CC140D10042449B /* tomorrow-night-bright.min.css in Resources */,
				1805D0322C6CF8E300333A88 /* Assets.xcassets in Resources */,
			);
			runOnlyForDeploymentPostprocessing = 0;
		};
/* End PBXResourcesBuildPhase section */

/* Begin PBXSourcesBuildPhase section */
		1805D0262C6CF8E200333A88 /* Sources */ = {
			isa = PBXSourcesBuildPhase;
			buildActionMask = 2147483647;
			files = (
				8D64EBA72E5F288C0077DA50 /* IPFinder.swift in Sources */,
				18E5A1A92C6FB4710045C3C8 /* URLTaskObject.swift in Sources */,
				184B53402D815D4800D6EA3A /* MyTextEditor.swift in Sources */,
				8D15559D2E2FA79B00C50B67 /* ResponseView.swift in Sources */,
				1805D0302C6CF8E200333A88 /* ContentView.swift in Sources */,
				18BA66E72C7080C2005D86E7 /* LocalMapView.swift in Sources */,
				188A7D892C7313A300B09A7F /* LocalMapViewModel.swift in Sources */,
				8D1555A02E2FAA1400C50B67 /* ContentType.swift in Sources */,
				1805D02E2C6CF8E200333A88 /* Local_Response_MapperApp.swift in Sources */,
				1805D03D2C6CF9CE00333A88 /* ContentViewModel.swift in Sources */,
				8D93C90B2E2FC91C00C1437A /* FittingImageView.swift in Sources */,
				18D50D392C7093DE004B0D44 /* Utils.swift in Sources */,
				1848CC252C77D88F00FEA95A /* Color-ext.swift in Sources */,
				18CB6DA22C6E51770074B8E0 /* AppDelegate.swift in Sources */,
				18F8558F2CBEB88B001CCD17 /* Constants.swift in Sources */,
				18F855902CBEB88B001CCD17 /* Models.swift in Sources */,
				185879D72CC151600042449B /* MyColorScheme.swift in Sources */,
				18F855912CBEB88B001CCD17 /* Logger.swift in Sources */,
				18CB6DA42C6E52E80074B8E0 /* LocalServer.swift in Sources */,
				18C48AC22C6E611A00A005EF /* DB.swift in Sources */,
				18E5A1AB2C6FB48B0045C3C8 /* MapLocalObject.swift in Sources */,
				1848CC212C77D48F00FEA95A /* ErrorsView.swift in Sources */,
			);
			runOnlyForDeploymentPostprocessing = 0;
		};
/* End PBXSourcesBuildPhase section */

/* Begin XCBuildConfiguration section */
		1805D0372C6CF8E300333A88 /* Debug */ = {
			isa = XCBuildConfiguration;
			buildSettings = {
				ALWAYS_SEARCH_USER_PATHS = NO;
				ASSETCATALOG_COMPILER_GENERATE_SWIFT_ASSET_SYMBOL_EXTENSIONS = YES;
				CLANG_ANALYZER_NONNULL = YES;
				CLANG_ANALYZER_NUMBER_OBJECT_CONVERSION = YES_AGGRESSIVE;
				CLANG_CXX_LANGUAGE_STANDARD = "gnu++20";
				CLANG_ENABLE_MODULES = YES;
				CLANG_ENABLE_OBJC_ARC = YES;
				CLANG_ENABLE_OBJC_WEAK = YES;
				CLANG_WARN_BLOCK_CAPTURE_AUTORELEASING = YES;
				CLANG_WARN_BOOL_CONVERSION = YES;
				CLANG_WARN_COMMA = YES;
				CLANG_WARN_CONSTANT_CONVERSION = YES;
				CLANG_WARN_DEPRECATED_OBJC_IMPLEMENTATIONS = YES;
				CLANG_WARN_DIRECT_OBJC_ISA_USAGE = YES_ERROR;
				CLANG_WARN_DOCUMENTATION_COMMENTS = YES;
				CLANG_WARN_EMPTY_BODY = YES;
				CLANG_WARN_ENUM_CONVERSION = YES;
				CLANG_WARN_INFINITE_RECURSION = YES;
				CLANG_WARN_INT_CONVERSION = YES;
				CLANG_WARN_NON_LITERAL_NULL_CONVERSION = YES;
				CLANG_WARN_OBJC_IMPLICIT_RETAIN_SELF = YES;
				CLANG_WARN_OBJC_LITERAL_CONVERSION = YES;
				CLANG_WARN_OBJC_ROOT_CLASS = YES_ERROR;
				CLANG_WARN_QUOTED_INCLUDE_IN_FRAMEWORK_HEADER = YES;
				CLANG_WARN_RANGE_LOOP_ANALYSIS = YES;
				CLANG_WARN_STRICT_PROTOTYPES = YES;
				CLANG_WARN_SUSPICIOUS_MOVE = YES;
				CLANG_WARN_UNGUARDED_AVAILABILITY = YES_AGGRESSIVE;
				CLANG_WARN_UNREACHABLE_CODE = YES;
				CLANG_WARN__DUPLICATE_METHOD_MATCH = YES;
				COPY_PHASE_STRIP = NO;
				DEBUG_INFORMATION_FORMAT = dwarf;
				ENABLE_STRICT_OBJC_MSGSEND = YES;
				ENABLE_TESTABILITY = YES;
				ENABLE_USER_SCRIPT_SANDBOXING = YES;
				GCC_C_LANGUAGE_STANDARD = gnu17;
				GCC_DYNAMIC_NO_PIC = NO;
				GCC_NO_COMMON_BLOCKS = YES;
				GCC_OPTIMIZATION_LEVEL = 0;
				GCC_PREPROCESSOR_DEFINITIONS = (
					"DEBUG=1",
					"$(inherited)",
				);
				GCC_WARN_64_TO_32_BIT_CONVERSION = YES;
				GCC_WARN_ABOUT_RETURN_TYPE = YES_ERROR;
				GCC_WARN_UNDECLARED_SELECTOR = YES;
				GCC_WARN_UNINITIALIZED_AUTOS = YES_AGGRESSIVE;
				GCC_WARN_UNUSED_FUNCTION = YES;
				GCC_WARN_UNUSED_VARIABLE = YES;
				LOCALIZATION_PREFERS_STRING_CATALOGS = YES;
				MACOSX_DEPLOYMENT_TARGET = 14.5;
				MTL_ENABLE_DEBUG_INFO = INCLUDE_SOURCE;
				MTL_FAST_MATH = YES;
				ONLY_ACTIVE_ARCH = YES;
				SDKROOT = macosx;
				SWIFT_ACTIVE_COMPILATION_CONDITIONS = "DEBUG $(inherited)";
				SWIFT_OPTIMIZATION_LEVEL = "-Onone";
			};
			name = Debug;
		};
		1805D0382C6CF8E300333A88 /* Release */ = {
			isa = XCBuildConfiguration;
			buildSettings = {
				ALWAYS_SEARCH_USER_PATHS = NO;
				ASSETCATALOG_COMPILER_GENERATE_SWIFT_ASSET_SYMBOL_EXTENSIONS = YES;
				CLANG_ANALYZER_NONNULL = YES;
				CLANG_ANALYZER_NUMBER_OBJECT_CONVERSION = YES_AGGRESSIVE;
				CLANG_CXX_LANGUAGE_STANDARD = "gnu++20";
				CLANG_ENABLE_MODULES = YES;
				CLANG_ENABLE_OBJC_ARC = YES;
				CLANG_ENABLE_OBJC_WEAK = YES;
				CLANG_WARN_BLOCK_CAPTURE_AUTORELEASING = YES;
				CLANG_WARN_BOOL_CONVERSION = YES;
				CLANG_WARN_COMMA = YES;
				CLANG_WARN_CONSTANT_CONVERSION = YES;
				CLANG_WARN_DEPRECATED_OBJC_IMPLEMENTATIONS = YES;
				CLANG_WARN_DIRECT_OBJC_ISA_USAGE = YES_ERROR;
				CLANG_WARN_DOCUMENTATION_COMMENTS = YES;
				CLANG_WARN_EMPTY_BODY = YES;
				CLANG_WARN_ENUM_CONVERSION = YES;
				CLANG_WARN_INFINITE_RECURSION = YES;
				CLANG_WARN_INT_CONVERSION = YES;
				CLANG_WARN_NON_LITERAL_NULL_CONVERSION = YES;
				CLANG_WARN_OBJC_IMPLICIT_RETAIN_SELF = YES;
				CLANG_WARN_OBJC_LITERAL_CONVERSION = YES;
				CLANG_WARN_OBJC_ROOT_CLASS = YES_ERROR;
				CLANG_WARN_QUOTED_INCLUDE_IN_FRAMEWORK_HEADER = YES;
				CLANG_WARN_RANGE_LOOP_ANALYSIS = YES;
				CLANG_WARN_STRICT_PROTOTYPES = YES;
				CLANG_WARN_SUSPICIOUS_MOVE = YES;
				CLANG_WARN_UNGUARDED_AVAILABILITY = YES_AGGRESSIVE;
				CLANG_WARN_UNREACHABLE_CODE = YES;
				CLANG_WARN__DUPLICATE_METHOD_MATCH = YES;
				COPY_PHASE_STRIP = NO;
				DEBUG_INFORMATION_FORMAT = "dwarf-with-dsym";
				ENABLE_NS_ASSERTIONS = NO;
				ENABLE_STRICT_OBJC_MSGSEND = YES;
				ENABLE_USER_SCRIPT_SANDBOXING = YES;
				GCC_C_LANGUAGE_STANDARD = gnu17;
				GCC_NO_COMMON_BLOCKS = YES;
				GCC_WARN_64_TO_32_BIT_CONVERSION = YES;
				GCC_WARN_ABOUT_RETURN_TYPE = YES_ERROR;
				GCC_WARN_UNDECLARED_SELECTOR = YES;
				GCC_WARN_UNINITIALIZED_AUTOS = YES_AGGRESSIVE;
				GCC_WARN_UNUSED_FUNCTION = YES;
				GCC_WARN_UNUSED_VARIABLE = YES;
				LOCALIZATION_PREFERS_STRING_CATALOGS = YES;
				MACOSX_DEPLOYMENT_TARGET = 14.5;
				MTL_ENABLE_DEBUG_INFO = NO;
				MTL_FAST_MATH = YES;
				SDKROOT = macosx;
				SWIFT_COMPILATION_MODE = wholemodule;
			};
			name = Release;
		};
		1805D03A2C6CF8E300333A88 /* Debug */ = {
			isa = XCBuildConfiguration;
			buildSettings = {
				ASSETCATALOG_COMPILER_APPICON_NAME = AppIcon;
				ASSETCATALOG_COMPILER_GLOBAL_ACCENT_COLOR_NAME = AccentColor;
				ASSETCATALOG_COMPILER_INCLUDE_ALL_APPICON_ASSETS = YES;
				CODE_SIGN_ENTITLEMENTS = "Local Response Mapper/supporting/Local_Response_Mapper.entitlements";
				CODE_SIGN_STYLE = Automatic;
				COMBINE_HIDPI_IMAGES = YES;
				CURRENT_PROJECT_VERSION = 1;
				DEVELOPMENT_ASSET_PATHS = "\"Local Response Mapper/supporting/Preview Content\"";
				DEVELOPMENT_TEAM = M42A493588;
				ENABLE_HARDENED_RUNTIME = YES;
				ENABLE_PREVIEWS = YES;
				GENERATE_INFOPLIST_FILE = YES;
				INFOPLIST_KEY_LSApplicationCategoryType = "public.app-category.utilities";
				INFOPLIST_KEY_NSHumanReadableCopyright = "";
				LD_RUNPATH_SEARCH_PATHS = (
					"$(inherited)",
					"@executable_path/../Frameworks",
				);
				MACOSX_DEPLOYMENT_TARGET = 14.0;
				MARKETING_VERSION = 2.0.10;
				PRODUCT_BUNDLE_IDENTIFIER = "com.chanonly123.Local-Response-Mapper";
				PRODUCT_NAME = "$(TARGET_NAME)";
				SWIFT_EMIT_LOC_STRINGS = YES;
				SWIFT_VERSION = 5.0;
			};
			name = Debug;
		};
		1805D03B2C6CF8E300333A88 /* Release */ = {
			isa = XCBuildConfiguration;
			buildSettings = {
				ASSETCATALOG_COMPILER_APPICON_NAME = AppIcon;
				ASSETCATALOG_COMPILER_GLOBAL_ACCENT_COLOR_NAME = AccentColor;
				ASSETCATALOG_COMPILER_INCLUDE_ALL_APPICON_ASSETS = YES;
				CODE_SIGN_ENTITLEMENTS = "Local Response Mapper/supporting/Local_Response_Mapper.entitlements";
				CODE_SIGN_STYLE = Automatic;
				COMBINE_HIDPI_IMAGES = YES;
				CURRENT_PROJECT_VERSION = 1;
				DEVELOPMENT_ASSET_PATHS = "\"Local Response Mapper/supporting/Preview Content\"";
				DEVELOPMENT_TEAM = M42A493588;
				ENABLE_HARDENED_RUNTIME = YES;
				ENABLE_PREVIEWS = YES;
				GENERATE_INFOPLIST_FILE = YES;
				INFOPLIST_KEY_LSApplicationCategoryType = "public.app-category.utilities";
				INFOPLIST_KEY_NSHumanReadableCopyright = "";
				LD_RUNPATH_SEARCH_PATHS = (
					"$(inherited)",
					"@executable_path/../Frameworks",
				);
				MACOSX_DEPLOYMENT_TARGET = 14.0;
				MARKETING_VERSION = 2.0.10;
				PRODUCT_BUNDLE_IDENTIFIER = "com.chanonly123.Local-Response-Mapper";
				PRODUCT_NAME = "$(TARGET_NAME)";
				SWIFT_EMIT_LOC_STRINGS = YES;
				SWIFT_VERSION = 5.0;
			};
			name = Release;
		};
/* End XCBuildConfiguration section */

/* Begin XCConfigurationList section */
		1805D0252C6CF8E200333A88 /* Build configuration list for PBXProject "Local Response Mapper" */ = {
			isa = XCConfigurationList;
			buildConfigurations = (
				1805D0372C6CF8E300333A88 /* Debug */,
				1805D0382C6CF8E300333A88 /* Release */,
			);
			defaultConfigurationIsVisible = 0;
			defaultConfigurationName = Release;
		};
		1805D0392C6CF8E300333A88 /* Build configuration list for PBXNativeTarget "Local Response Mapper" */ = {
			isa = XCConfigurationList;
			buildConfigurations = (
				1805D03A2C6CF8E300333A88 /* Debug */,
				1805D03B2C6CF8E300333A88 /* Release */,
			);
			defaultConfigurationIsVisible = 0;
			defaultConfigurationName = Release;
		};
/* End XCConfigurationList section */

/* Begin XCRemoteSwiftPackageReference section */
		1820A13C2C6F2E940016934A /* XCRemoteSwiftPackageReference "Factory" */ = {
			isa = XCRemoteSwiftPackageReference;
			repositoryURL = "https://github.com/hmlongco/Factory";
			requirement = {
				kind = upToNextMajorVersion;
				minimumVersion = 2.3.2;
			};
		};
		188AFF442C8090EC00E8342B /* XCRemoteSwiftPackageReference "CodeEditor" */ = {
			isa = XCRemoteSwiftPackageReference;
			repositoryURL = "https://github.com/ZeeZide/CodeEditor?tab=readme-ov-file";
			requirement = {
				kind = upToNextMajorVersion;
				minimumVersion = 1.2.6;
			};
		};
		18C48ABC2C6E5F4900A005EF /* XCRemoteSwiftPackageReference "realm-swift" */ = {
			isa = XCRemoteSwiftPackageReference;
			repositoryURL = "https://github.com/realm/realm-swift";
			requirement = {
				kind = upToNextMajorVersion;
				minimumVersion = 10.52.3;
			};
		};
		18CB6DA82C6E58130074B8E0 /* XCRemoteSwiftPackageReference "FlyingFox" */ = {
			isa = XCRemoteSwiftPackageReference;
			repositoryURL = "https://github.com/swhitty/FlyingFox.git";
			requirement = {
				kind = upToNextMajorVersion;
				minimumVersion = 0.15.0;
			};
		};
/* End XCRemoteSwiftPackageReference section */

/* Begin XCSwiftPackageProductDependency section */
		1820A13D2C6F2E940016934A /* Factory */ = {
			isa = XCSwiftPackageProductDependency;
			package = 1820A13C2C6F2E940016934A /* XCRemoteSwiftPackageReference "Factory" */;
			productName = Factory;
		};
		188AFF452C8090EC00E8342B /* CodeEditor */ = {
			isa = XCSwiftPackageProductDependency;
			package = 188AFF442C8090EC00E8342B /* XCRemoteSwiftPackageReference "CodeEditor" */;
			productName = CodeEditor;
		};
		18C48ABF2C6E5F4900A005EF /* RealmSwift */ = {
			isa = XCSwiftPackageProductDependency;
			package = 18C48ABC2C6E5F4900A005EF /* XCRemoteSwiftPackageReference "realm-swift" */;
			productName = RealmSwift;
		};
		18CB6DA92C6E58130074B8E0 /* FlyingFox */ = {
			isa = XCSwiftPackageProductDependency;
			package = 18CB6DA82C6E58130074B8E0 /* XCRemoteSwiftPackageReference "FlyingFox" */;
			productName = FlyingFox;
		};
		18CB6DAB2C6E58130074B8E0 /* FlyingSocks */ = {
			isa = XCSwiftPackageProductDependency;
			package = 18CB6DA82C6E58130074B8E0 /* XCRemoteSwiftPackageReference "FlyingFox" */;
			productName = FlyingSocks;
		};
/* End XCSwiftPackageProductDependency section */
	};
	rootObject = 1805D0222C6CF8E200333A88 /* Project object */;
}
