{
  "originHash" : "f952c8272ee84082c180e69c2b26917c13ca71610094da0215d55a29b09a6227",
  "pins" : [
    {
      "identity" : "codeeditor",
      "kind" : "remoteSourceControl",
      "location" : "https://github.com/chanonly123/CodeEditor",
      "state" : {
        "branch" : "develop",
        "revision" : "c6b9a6ac5048c807215d2a47e02c6da67ff02a0e"
      }
    },
    {
      "identity" : "factory",
      "kind" : "remoteSourceControl",
      "location" : "https://github.com/hmlongco/Factory",
      "state" : {
        "revision" : "587995f7d5cc667951d635fbf6b4252324ba0439",
        "version" : "2.3.2"
      }
    },
    {
      "identity" : "flyingfox",
      "kind" : "remoteSourceControl",
      "location" : "https://github.com/swhitty/FlyingFox.git",
      "state" : {
        "revision" : "b37b5ab2c8545cdcea27909c3441c92ca1a992a1",
        "version" : "0.15.0"
      }
    },
    {
      "identity" : "highlightr",
      "kind" : "remoteSourceControl",
      "location" : "https://github.com/helje5/Highlightr",
      "state" : {
        "revision" : "bd0358056ff1f12ea83833a9fc1b3b5a396a9da0",
        "version" : "3.0.2"
      }
    },
    {
      "identity" : "realm-core",
      "kind" : "remoteSourceControl",
      "location" : "https://github.com/realm/realm-core.git",
      "state" : {
        "revision" : "c2552e1d36867cb42b28130e894a81fc17081062",
        "version" : "14.12.0"
      }
    },
    {
      "identity" : "realm-swift",
      "kind" : "remoteSourceControl",
      "location" : "https://github.com/realm/realm-swift",
      "state" : {
        "revision" : "5221a83dc720823e3017493394d00d49ccf13446",
        "version" : "10.52.3"
      }
    }
  ],
  "version" : 3
}
